// !$*UTF8*$!
{
	archiveVersion = 1;
	classes = {
	};
	objectVersion = 56;
	objects = {

/* Begin PBXBuildFile section */
		FE63F1702AD529A40089F54E /* swiftappApp.swift in Sources */ = {isa = PBXBuildFile; fileRef = FE63F16F2AD529A40089F54E /* swiftappApp.swift */; };
		FE63F1722AD529A40089F54E /* ContentView.swift in Sources */ = {isa = PBXBuildFile; fileRef = FE63F1712AD529A40089F54E /* ContentView.swift */; };
		FE63F1742AD529A70089F54E /* Assets.xcassets in Resources */ = {isa = PBXBuildFile; fileRef = FE63F1732AD529A70089F54E /* Assets.xcassets */; };
		FE63F1772AD529A70089F54E /* Preview Assets.xcassets in Resources */ = {isa = PBXBuildFile; fileRef = FE63F1762AD529A70089F54E /* Preview Assets.xcassets */; };
		FE63F1812AD529A70089F54E /* swiftappTests.swift in Sources */ = {isa = PBXBuildFile; fileRef = FE63F1802AD529A70089F54E /* swiftappTests.swift */; };
		FE63F18B2AD529A70089F54E /* swiftappUITests.swift in Sources */ = {isa = PBXBuildFile; fileRef = FE63F18A2AD529A70089F54E /* swiftappUITests.swift */; };
		FE63F18D2AD529A70089F54E /* swiftappUITestsLaunchTests.swift in Sources */ = {isa = PBXBuildFile; fileRef = FE63F18C2AD529A70089F54E /* swiftappUITestsLaunchTests.swift */; };
/* End PBXBuildFile section */

/* Begin PBXContainerItemProxy section */
		FE63F17D2AD529A70089F54E /* PBXContainerItemProxy */ = {
			isa = PBXContainerItemProxy;
			containerPortal = FE63F1642AD529A40089F54E /* Project object */;
			proxyType = 1;
			remoteGlobalIDString = FE63F16B2AD529A40089F54E;
			remoteInfo = swiftapp;
		};
		FE63F1872AD529A70089F54E /* PBXContainerItemProxy */ = {
			isa = PBXContainerItemProxy;
			containerPortal = FE63F1642AD529A40089F54E /* Project object */;
			proxyType = 1;
			remoteGlobalIDString = FE63F16B2AD529A40089F54E;
			remoteInfo = swiftapp;
		};
/* End PBXContainerItemProxy section */

/* Begin PBXFileReference section */
		FE63F16C2AD529A40089F54E /* swiftapp.app */ = {isa = PBXFileReference; explicitFileType = wrapper.application; includeInIndex = 0; path = swiftapp.app; sourceTree = BUILT_PRODUCTS_DIR; };
		FE63F16F2AD529A40089F54E /* swiftappApp.swift */ = {isa = PBXFileReference; lastKnownFileType = sourcecode.swift; path = swiftappApp.swift; sourceTree = "<group>"; };
		FE63F1712AD529A40089F54E /* ContentView.swift */ = {isa = PBXFileReference; lastKnownFileType = sourcecode.swift; path = ContentView.swift; sourceTree = "<group>"; };
		FE63F1732AD529A70089F54E /* Assets.xcassets */ = {isa = PBXFileReference; lastKnownFileType = folder.assetcatalog; path = Assets.xcassets; sourceTree = "<group>"; };
		FE63F1762AD529A70089F54E /* Preview Assets.xcassets */ = {isa = PBXFileReference; lastKnownFileType = folder.assetcatalog; path = "Preview Assets.xcassets"; sourceTree = "<group>"; };
		FE63F17C2AD529A70089F54E /* swiftappTests.xctest */ = {isa = PBXFileReference; explicitFileType = wrapper.cfbundle; includeInIndex = 0; path = swiftappTests.xctest; sourceTree = BUILT_PRODUCTS_DIR; };
		FE63F1802AD529A70089F54E /* swiftappTests.swift */ = {isa = PBXFileReference; lastKnownFileType = sourcecode.swift; path = swiftappTests.swift; sourceTree = "<group>"; };
		FE63F1862AD529A70089F54E /* swiftappUITests.xctest */ = {isa = PBXFileReference; explicitFileType = wrapper.cfbundle; includeInIndex = 0; path = swiftappUITests.xctest; sourceTree = BUILT_PRODUCTS_DIR; };
		FE63F18A2AD529A70089F54E /* swiftappUITests.swift */ = {isa = PBXFileReference; lastKnownFileType = sourcecode.swift; path = swiftappUITests.swift; sourceTree = "<group>"; };
		FE63F18C2AD529A70089F54E /* swiftappUITestsLaunchTests.swift */ = {isa = PBXFileReference; lastKnownFileType = sourcecode.swift; path = swiftappUITestsLaunchTests.swift; sourceTree = "<group>"; };
/* End PBXFileReference section */

/* Begin PBXFrameworksBuildPhase section */
		FE63F1692AD529A40089F54E /* Frameworks */ = {
			isa = PBXFrameworksBuildPhase;
			buildActionMask = 2147483647;
			files = (
			);
			runOnlyForDeploymentPostprocessing = 0;
		};
		FE63F1792AD529A70089F54E /* Frameworks */ = {
			isa = PBXFrameworksBuildPhase;
			buildActionMask = 2147483647;
			files = (
			);
			runOnlyForDeploymentPostprocessing = 0;
		};
		FE63F1832AD529A70089F54E /* Frameworks */ = {
			isa = PBXFrameworksBuildPhase;
			buildActionMask = 2147483647;
			files = (
			);
			runOnlyForDeploymentPostprocessing = 0;
		};
/* End PBXFrameworksBuildPhase section */

/* Begin PBXGroup section */
		FE63F1632AD529A40089F54E = {
			isa = PBXGroup;
			children = (
				FE63F16E2AD529A40089F54E /* swiftapp */,
				FE63F17F2AD529A70089F54E /* swiftappTests */,
				FE63F1892AD529A70089F54E /* swiftappUITests */,
				FE63F16D2AD529A40089F54E /* Products */,
			);
			sourceTree = "<group>";
		};
		FE63F16D2AD529A40089F54E /* Products */ = {
			isa = PBXGroup;
			children = (
				FE63F16C2AD529A40089F54E /* swiftapp.app */,
				FE63F17C2AD529A70089F54E /* swiftappTests.xctest */,
				FE63F1862AD529A70089F54E /* swiftappUITests.xctest */,
			);
			name = Products;
			sourceTree = "<group>";
		};
		FE63F16E2AD529A40089F54E /* swiftapp */ = {
			isa = PBXGroup;
			children = (
				FE63F16F2AD529A40089F54E /* swiftappApp.swift */,
				FE63F1712AD529A40089F54E /* ContentView.swift */,
				FE63F1732AD529A70089F54E /* Assets.xcassets */,
				FE63F1752AD529A70089F54E /* Preview Content */,
			);
			path = swiftapp;
			sourceTree = "<group>";
		};
		FE63F1752AD529A70089F54E /* Preview Content */ = {
			isa = PBXGroup;
			children = (
				FE63F1762AD529A70089F54E /* Preview Assets.xcassets */,
			);
			path = "Preview Content";
			sourceTree = "<group>";
		};
		FE63F17F2AD529A70089F54E /* swiftappTests */ = {
			isa = PBXGroup;
			children = (
				FE63F1802AD529A70089F54E /* swiftappTests.swift */,
			);
			path = swiftappTests;
			sourceTree = "<group>";
		};
		FE63F1892AD529A70089F54E /* swiftappUITests */ = {
			isa = PBXGroup;
			children = (
				FE63F18A2AD529A70089F54E /* swiftappUITests.swift */,
				FE63F18C2AD529A70089F54E /* swiftappUITestsLaunchTests.swift */,
			);
			path = swiftappUITests;
			sourceTree = "<group>";
		};
/* End PBXGroup section */

/* Begin PBXNativeTarget section */
		FE63F16B2AD529A40089F54E /* swiftapp */ = {
			isa = PBXNativeTarget;
			buildConfigurationList = FE63F1902AD529A70089F54E /* Build configuration list for PBXNativeTarget "swiftapp" */;
			buildPhases = (
				FE63F1682AD529A40089F54E /* Sources */,
				FE63F1692AD529A40089F54E /* Frameworks */,
				FE63F16A2AD529A40089F54E /* Resources */,
			);
			buildRules = (
			);
			dependencies = (
			);
			name = swiftapp;
			productName = swiftapp;
			productReference = FE63F16C2AD529A40089F54E /* swiftapp.app */;
			productType = "com.apple.product-type.application";
		};
		FE63F17B2AD529A70089F54E /* swiftappTests */ = {
			isa = PBXNativeTarget;
			buildConfigurationList = FE63F1932AD529A70089F54E /* Build configuration list for PBXNativeTarget "swiftappTests" */;
			buildPhases = (
				FE63F1782AD529A70089F54E /* Sources */,
				FE63F1792AD529A70089F54E /* Frameworks */,
				FE63F17A2AD529A70089F54E /* Resources */,
			);
			buildRules = (
			);
			dependencies = (
				FE63F17E2AD529A70089F54E /* PBXTargetDependency */,
			);
			name = swiftappTests;
			productName = swiftappTests;
			productReference = FE63F17C2AD529A70089F54E /* swiftappTests.xctest */;
			productType = "com.apple.product-type.bundle.unit-test";
		};
		FE63F1852AD529A70089F54E /* swiftappUITests */ = {
			isa = PBXNativeTarget;
			buildConfigurationList = FE63F1962AD529A70089F54E /* Build configuration list for PBXNativeTarget "swiftappUITests" */;
			buildPhases = (
				FE63F1822AD529A70089F54E /* Sources */,
				FE63F1832AD529A70089F54E /* Frameworks */,
				FE63F1842AD529A70089F54E /* Resources */,
			);
			buildRules = (
			);
			dependencies = (
				FE63F1882AD529A70089F54E /* PBXTargetDependency */,
			);
			name = swiftappUITests;
			productName = swiftappUITests;
			productReference = FE63F1862AD529A70089F54E /* swiftappUITests.xctest */;
			productType = "com.apple.product-type.bundle.ui-testing";
		};
/* End PBXNativeTarget section */

/* Begin PBXProject section */
		FE63F1642AD529A40089F54E /* Project object */ = {
			isa = PBXProject;
			attributes = {
				BuildIndependentTargetsInParallel = 1;
				LastSwiftUpdateCheck = 1430;
				LastUpgradeCheck = 1430;
				TargetAttributes = {
					FE63F16B2AD529A40089F54E = {
						CreatedOnToolsVersion = 14.3.1;
					};
					FE63F17B2AD529A70089F54E = {
						CreatedOnToolsVersion = 14.3.1;
						TestTargetID = FE63F16B2AD529A40089F54E;
					};
					FE63F1852AD529A70089F54E = {
						CreatedOnToolsVersion = 14.3.1;
						TestTargetID = FE63F16B2AD529A40089F54E;
					};
				};
			};
			buildConfigurationList = FE63F1672AD529A40089F54E /* Build configuration list for PBXProject "swiftapp" */;
			compatibilityVersion = "Xcode 14.0";
			developmentRegion = en;
			hasScannedForEncodings = 0;
			knownRegions = (
				en,
				Base,
			);
			mainGroup = FE63F1632AD529A40089F54E;
			productRefGroup = FE63F16D2AD529A40089F54E /* Products */;
			projectDirPath = "";
			projectRoot = "";
			targets = (
				FE63F16B2AD529A40089F54E /* swiftapp */,
				FE63F17B2AD529A70089F54E /* swiftappTests */,
				FE63F1852AD529A70089F54E /* swiftappUITests */,
			);
		};
/* End PBXProject section */

/* Begin PBXResourcesBuildPhase section */
		FE63F16A2AD529A40089F54E /* Resources */ = {
			isa = PBXResourcesBuildPhase;
			buildActionMask = 2147483647;
			files = (
				FE63F1772AD529A70089F54E /* Preview Assets.xcassets in Resources */,
				FE63F1742AD529A70089F54E /* Assets.xcassets in Resources */,
			);
			runOnlyForDeploymentPostprocessing = 0;
		};
		FE63F17A2AD529A70089F54E /* Resources */ = {
			isa = PBXResourcesBuildPhase;
			buildActionMask = 2147483647;
			files = (
			);
			runOnlyForDeploymentPostprocessing = 0;
		};
		FE63F1842AD529A70089F54E /* Resources */ = {
			isa = PBXResourcesBuildPhase;
			buildActionMask = 2147483647;
			files = (
			);
			runOnlyForDeploymentPostprocessing = 0;
		};
/* End PBXResourcesBuildPhase section */

/* Begin PBXSourcesBuildPhase section */
		FE63F1682AD529A40089F54E /* Sources */ = {
			isa = PBXSourcesBuildPhase;
			buildActionMask = 2147483647;
			files = (
				FE63F1722AD529A40089F54E /* ContentView.swift in Sources */,
				FE63F1702AD529A40089F54E /* swiftappApp.swift in Sources */,
			);
			runOnlyForDeploymentPostprocessing = 0;
		};
		FE63F1782AD529A70089F54E /* Sources */ = {
			isa = PBXSourcesBuildPhase;
			buildActionMask = 2147483647;
			files = (
				FE63F1812AD529A70089F54E /* swiftappTests.swift in Sources */,
			);
			runOnlyForDeploymentPostprocessing = 0;
		};
		FE63F1822AD529A70089F54E /* Sources */ = {
			isa = PBXSourcesBuildPhase;
			buildActionMask = 2147483647;
			files = (
				FE63F18D2AD529A70089F54E /* swiftappUITestsLaunchTests.swift in Sources */,
				FE63F18B2AD529A70089F54E /* swiftappUITests.swift in Sources */,
			);
			runOnlyForDeploymentPostprocessing = 0;
		};
/* End PBXSourcesBuildPhase section */

/* Begin PBXTargetDependency section */
		FE63F17E2AD529A70089F54E /* PBXTargetDependency */ = {
			isa = PBXTargetDependency;
			target = FE63F16B2AD529A40089F54E /* swiftapp */;
			targetProxy = FE63F17D2AD529A70089F54E /* PBXContainerItemProxy */;
		};
		FE63F1882AD529A70089F54E /* PBXTargetDependency */ = {
			isa = PBXTargetDependency;
			target = FE63F16B2AD529A40089F54E /* swiftapp */;
			targetProxy = FE63F1872AD529A70089F54E /* PBXContainerItemProxy */;
		};
/* End PBXTargetDependency section */

/* Begin XCBuildConfiguration section */
		FE63F18E2AD529A70089F54E /* Debug */ = {
			isa = XCBuildConfiguration;
			buildSettings = {
				ALWAYS_SEARCH_USER_PATHS = NO;
				CLANG_ANALYZER_NONNULL = YES;
				CLANG_ANALYZER_NUMBER_OBJECT_CONVERSION = YES_AGGRESSIVE;
				CLANG_CXX_LANGUAGE_STANDARD = "gnu++20";
				CLANG_ENABLE_MODULES = YES;
				CLANG_ENABLE_OBJC_ARC = YES;
				CLANG_ENABLE_OBJC_WEAK = YES;
				CLANG_WARN_BLOCK_CAPTURE_AUTORELEASING = YES;
				CLANG_WARN_BOOL_CONVERSION = YES;
				CLANG_WARN_COMMA = YES;
				CLANG_WARN_CONSTANT_CONVERSION = YES;
				CLANG_WARN_DEPRECATED_OBJC_IMPLEMENTATIONS = YES;
				CLANG_WARN_DIRECT_OBJC_ISA_USAGE = YES_ERROR;
				CLANG_WARN_DOCUMENTATION_COMMENTS = YES;
				CLANG_WARN_EMPTY_BODY = YES;
				CLANG_WARN_ENUM_CONVERSION = YES;
				CLANG_WARN_INFINITE_RECURSION = YES;
				CLANG_WARN_INT_CONVERSION = YES;
				CLANG_WARN_NON_LITERAL_NULL_CONVERSION = YES;
				CLANG_WARN_OBJC_IMPLICIT_RETAIN_SELF = YES;
				CLANG_WARN_OBJC_LITERAL_CONVERSION = YES;
				CLANG_WARN_OBJC_ROOT_CLASS = YES_ERROR;
				CLANG_WARN_QUOTED_INCLUDE_IN_FRAMEWORK_HEADER = YES;
				CLANG_WARN_RANGE_LOOP_ANALYSIS = YES;
				CLANG_WARN_STRICT_PROTOTYPES = YES;
				CLANG_WARN_SUSPICIOUS_MOVE = YES;
				CLANG_WARN_UNGUARDED_AVAILABILITY = YES_AGGRESSIVE;
				CLANG_WARN_UNREACHABLE_CODE = YES;
				CLANG_WARN__DUPLICATE_METHOD_MATCH = YES;
				COPY_PHASE_STRIP = NO;
				DEBUG_INFORMATION_FORMAT = dwarf;
				ENABLE_STRICT_OBJC_MSGSEND = YES;
				ENABLE_TESTABILITY = YES;
				GCC_C_LANGUAGE_STANDARD = gnu11;
				GCC_DYNAMIC_NO_PIC = NO;
				GCC_NO_COMMON_BLOCKS = YES;
				GCC_OPTIMIZATION_LEVEL = 0;
				GCC_PREPROCESSOR_DEFINITIONS = (
					"DEBUG=1",
					"$(inherited)",
				);
				GCC_WARN_64_TO_32_BIT_CONVERSION = YES;
				GCC_WARN_ABOUT_RETURN_TYPE = YES_ERROR;
				GCC_WARN_UNDECLARED_SELECTOR = YES;
				GCC_WARN_UNINITIALIZED_AUTOS = YES_AGGRESSIVE;
				GCC_WARN_UNUSED_FUNCTION = YES;
				GCC_WARN_UNUSED_VARIABLE = YES;
				IPHONEOS_DEPLOYMENT_TARGET = 16.4;
				MTL_ENABLE_DEBUG_INFO = INCLUDE_SOURCE;
				MTL_FAST_MATH = YES;
				ONLY_ACTIVE_ARCH = YES;
				SDKROOT = iphoneos;
				SWIFT_ACTIVE_COMPILATION_CONDITIONS = DEBUG;
				SWIFT_OPTIMIZATION_LEVEL = "-Onone";
			};
			name = Debug;
		};
		FE63F18F2AD529A70089F54E /* Release */ = {
			isa = XCBuildConfiguration;
			buildSettings = {
				ALWAYS_SEARCH_USER_PATHS = NO;
				CLANG_ANALYZER_NONNULL = YES;
				CLANG_ANALYZER_NUMBER_OBJECT_CONVERSION = YES_AGGRESSIVE;
				CLANG_CXX_LANGUAGE_STANDARD = "gnu++20";
				CLANG_ENABLE_MODULES = YES;
				CLANG_ENABLE_OBJC_ARC = YES;
				CLANG_ENABLE_OBJC_WEAK = YES;
				CLANG_WARN_BLOCK_CAPTURE_AUTORELEASING = YES;
				CLANG_WARN_BOOL_CONVERSION = YES;
				CLANG_WARN_COMMA = YES;
				CLANG_WARN_CONSTANT_CONVERSION = YES;
				CLANG_WARN_DEPRECATED_OBJC_IMPLEMENTATIONS = YES;
				CLANG_WARN_DIRECT_OBJC_ISA_USAGE = YES_ERROR;
				CLANG_WARN_DOCUMENTATION_COMMENTS = YES;
				CLANG_WARN_EMPTY_BODY = YES;
				CLANG_WARN_ENUM_CONVERSION = YES;
				CLANG_WARN_INFINITE_RECURSION = YES;
				CLANG_WARN_INT_CONVERSION = YES;
				CLANG_WARN_NON_LITERAL_NULL_CONVERSION = YES;
				CLANG_WARN_OBJC_IMPLICIT_RETAIN_SELF = YES;
				CLANG_WARN_OBJC_LITERAL_CONVERSION = YES;
				CLANG_WARN_OBJC_ROOT_CLASS = YES_ERROR;
				CLANG_WARN_QUOTED_INCLUDE_IN_FRAMEWORK_HEADER = YES;
				CLANG_WARN_RANGE_LOOP_ANALYSIS = YES;
				CLANG_WARN_STRICT_PROTOTYPES = YES;
				CLANG_WARN_SUSPICIOUS_MOVE = YES;
				CLANG_WARN_UNGUARDED_AVAILABILITY = YES_AGGRESSIVE;
				CLANG_WARN_UNREACHABLE_CODE = YES;
				CLANG_WARN__DUPLICATE_METHOD_MATCH = YES;
				COPY_PHASE_STRIP = NO;
				DEBUG_INFORMATION_FORMAT = "dwarf-with-dsym";
				ENABLE_NS_ASSERTIONS = NO;
				ENABLE_STRICT_OBJC_MSGSEND = YES;
				GCC_C_LANGUAGE_STANDARD = gnu11;
				GCC_NO_COMMON_BLOCKS = YES;
				GCC_WARN_64_TO_32_BIT_CONVERSION = YES;
				GCC_WARN_ABOUT_RETURN_TYPE = YES_ERROR;
				GCC_WARN_UNDECLARED_SELECTOR = YES;
				GCC_WARN_UNINITIALIZED_AUTOS = YES_AGGRESSIVE;
				GCC_WARN_UNUSED_FUNCTION = YES;
				GCC_WARN_UNUSED_VARIABLE = YES;
				IPHONEOS_DEPLOYMENT_TARGET = 16.4;
				MTL_ENABLE_DEBUG_INFO = NO;
				MTL_FAST_MATH = YES;
				SDKROOT = iphoneos;
				SWIFT_COMPILATION_MODE = wholemodule;
				SWIFT_OPTIMIZATION_LEVEL = "-O";
				VALIDATE_PRODUCT = YES;
			};
			name = Release;
		};
		FE63F1912AD529A70089F54E /* Debug */ = {
			isa = XCBuildConfiguration;
			buildSettings = {
				ASSETCATALOG_COMPILER_APPICON_NAME = AppIcon;
				ASSETCATALOG_COMPILER_GLOBAL_ACCENT_COLOR_NAME = AccentColor;
				CODE_SIGN_STYLE = Automatic;
				CURRENT_PROJECT_VERSION = 1;
				DEVELOPMENT_ASSET_PATHS = "\"swiftapp/Preview Content\"";
				DEVELOPMENT_TEAM = 8FFYCZQ9CG;
				ENABLE_PREVIEWS = YES;
				GENERATE_INFOPLIST_FILE = YES;
				INFOPLIST_KEY_UIApplicationSceneManifest_Generation = YES;
				INFOPLIST_KEY_UIApplicationSupportsIndirectInputEvents = YES;
				INFOPLIST_KEY_UILaunchScreen_Generation = YES;
				INFOPLIST_KEY_UISupportedInterfaceOrientations_iPad = "UIInterfaceOrientationPortrait UIInterfaceOrientationPortraitUpsideDown UIInterfaceOrientationLandscapeLeft UIInterfaceOrientationLandscapeRight";
				INFOPLIST_KEY_UISupportedInterfaceOrientations_iPhone = "UIInterfaceOrientationPortrait UIInterfaceOrientationLandscapeLeft UIInterfaceOrientationLandscapeRight";
				LD_RUNPATH_SEARCH_PATHS = (
					"$(inherited)",
					"@executable_path/Frameworks",
				);
				MARKETING_VERSION = 1.0;
				PRODUCT_BUNDLE_IDENTIFIER = com.swift.swiftapp;
				PRODUCT_NAME = "$(TARGET_NAME)";
				SWIFT_EMIT_LOC_STRINGS = YES;
				SWIFT_VERSION = 5.0;
				TARGETED_DEVICE_FAMILY = "1,2";
			};
			name = Debug;
		};
		FE63F1922AD529A70089F54E /* Release */ = {
			isa = XCBuildConfiguration;
			buildSettings = {
				ASSETCATALOG_COMPILER_APPICON_NAME = AppIcon;
				ASSETCATALOG_COMPILER_GLOBAL_ACCENT_COLOR_NAME = AccentColor;
				CODE_SIGN_STYLE = Automatic;
				CURRENT_PROJECT_VERSION = 1;
				DEVELOPMENT_ASSET_PATHS = "\"swiftapp/Preview Content\"";
				DEVELOPMENT_TEAM = 8FFYCZQ9CG;
				ENABLE_PREVIEWS = YES;
				GENERATE_INFOPLIST_FILE = YES;
				INFOPLIST_KEY_UIApplicationSceneManifest_Generation = YES;
				INFOPLIST_KEY_UIApplicationSupportsIndirectInputEvents = YES;
				INFOPLIST_KEY_UILaunchScreen_Generation = YES;
				INFOPLIST_KEY_UISupportedInterfaceOrientations_iPad = "UIInterfaceOrientationPortrait UIInterfaceOrientationPortraitUpsideDown UIInterfaceOrientationLandscapeLeft UIInterfaceOrientationLandscapeRight";
				INFOPLIST_KEY_UISupportedInterfaceOrientations_iPhone = "UIInterfaceOrientationPortrait UIInterfaceOrientationLandscapeLeft UIInterfaceOrientationLandscapeRight";
				LD_RUNPATH_SEARCH_PATHS = (
					"$(inherited)",
					"@executable_path/Frameworks",
				);
				MARKETING_VERSION = 1.0;
				PRODUCT_BUNDLE_IDENTIFIER = com.swift.swiftapp;
				PRODUCT_NAME = "$(TARGET_NAME)";
				SWIFT_EMIT_LOC_STRINGS = YES;
				SWIFT_VERSION = 5.0;
				TARGETED_DEVICE_FAMILY = "1,2";
			};
			name = Release;
		};
		FE63F1942AD529A70089F54E /* Debug */ = {
			isa = XCBuildConfiguration;
			buildSettings = {
				ALWAYS_EMBED_SWIFT_STANDARD_LIBRARIES = YES;
				BUNDLE_LOADER = "$(TEST_HOST)";
				CODE_SIGN_STYLE = Automatic;
				CURRENT_PROJECT_VERSION = 1;
				DEVELOPMENT_TEAM = 8FFYCZQ9CG;
				GENERATE_INFOPLIST_FILE = YES;
				IPHONEOS_DEPLOYMENT_TARGET = 16.4;
				MARKETING_VERSION = 1.0;
				PRODUCT_BUNDLE_IDENTIFIER = com.swift.swiftappTests;
				PRODUCT_NAME = "$(TARGET_NAME)";
				SWIFT_EMIT_LOC_STRINGS = NO;
				SWIFT_VERSION = 5.0;
				TARGETED_DEVICE_FAMILY = "1,2";
				TEST_HOST = "$(BUILT_PRODUCTS_DIR)/swiftapp.app/$(BUNDLE_EXECUTABLE_FOLDER_PATH)/swiftapp";
			};
			name = Debug;
		};
		FE63F1952AD529A70089F54E /* Release */ = {
			isa = XCBuildConfiguration;
			buildSettings = {
				ALWAYS_EMBED_SWIFT_STANDARD_LIBRARIES = YES;
				BUNDLE_LOADER = "$(TEST_HOST)";
				CODE_SIGN_STYLE = Automatic;
				CURRENT_PROJECT_VERSION = 1;
				DEVELOPMENT_TEAM = 8FFYCZQ9CG;
				GENERATE_INFOPLIST_FILE = YES;
				IPHONEOS_DEPLOYMENT_TARGET = 16.4;
				MARKETING_VERSION = 1.0;
				PRODUCT_BUNDLE_IDENTIFIER = com.swift.swiftappTests;
				PRODUCT_NAME = "$(TARGET_NAME)";
				SWIFT_EMIT_LOC_STRINGS = NO;
				SWIFT_VERSION = 5.0;
				TARGETED_DEVICE_FAMILY = "1,2";
				TEST_HOST = "$(BUILT_PRODUCTS_DIR)/swiftapp.app/$(BUNDLE_EXECUTABLE_FOLDER_PATH)/swiftapp";
			};
			name = Release;
		};
		FE63F1972AD529A70089F54E /* Debug */ = {
			isa = XCBuildConfiguration;
			buildSettings = {
				ALWAYS_EMBED_SWIFT_STANDARD_LIBRARIES = YES;
				CODE_SIGN_STYLE = Automatic;
				CURRENT_PROJECT_VERSION = 1;
				DEVELOPMENT_TEAM = 8FFYCZQ9CG;
				GENERATE_INFOPLIST_FILE = YES;
				MARKETING_VERSION = 1.0;
				PRODUCT_BUNDLE_IDENTIFIER = com.swift.swiftappUITests;
				PRODUCT_NAME = "$(TARGET_NAME)";
				SWIFT_EMIT_LOC_STRINGS = NO;
				SWIFT_VERSION = 5.0;
				TARGETED_DEVICE_FAMILY = "1,2";
				TEST_TARGET_NAME = swiftapp;
			};
			name = Debug;
		};
		FE63F1982AD529A70089F54E /* Release */ = {
			isa = XCBuildConfiguration;
			buildSettings = {
				ALWAYS_EMBED_SWIFT_STANDARD_LIBRARIES = YES;
				CODE_SIGN_STYLE = Automatic;
				CURRENT_PROJECT_VERSION = 1;
				DEVELOPMENT_TEAM = 8FFYCZQ9CG;
				GENERATE_INFOPLIST_FILE = YES;
				MARKETING_VERSION = 1.0;
				PRODUCT_BUNDLE_IDENTIFIER = com.swift.swiftappUITests;
				PRODUCT_NAME = "$(TARGET_NAME)";
				SWIFT_EMIT_LOC_STRINGS = NO;
				SWIFT_VERSION = 5.0;
				TARGETED_DEVICE_FAMILY = "1,2";
				TEST_TARGET_NAME = swiftapp;
			};
			name = Release;
		};
/* End XCBuildConfiguration section */

/* Begin XCConfigurationList section */
		FE63F1672AD529A40089F54E /* Build configuration list for PBXProject "swiftapp" */ = {
			isa = XCConfigurationList;
			buildConfigurations = (
				FE63F18E2AD529A70089F54E /* Debug */,
				FE63F18F2AD529A70089F54E /* Release */,
			);
			defaultConfigurationIsVisible = 0;
			defaultConfigurationName = Release;
		};
		FE63F1902AD529A70089F54E /* Build configuration list for PBXNativeTarget "swiftapp" */ = {
			isa = XCConfigurationList;
			buildConfigurations = (
				FE63F1912AD529A70089F54E /* Debug */,
				FE63F1922AD529A70089F54E /* Release */,
			);
			defaultConfigurationIsVisible = 0;
			defaultConfigurationName = Release;
		};
		FE63F1932AD529A70089F54E /* Build configuration list for PBXNativeTarget "swiftappTests" */ = {
			isa = XCConfigurationList;
			buildConfigurations = (
				FE63F1942AD529A70089F54E /* Debug */,
				FE63F1952AD529A70089F54E /* Release */,
			);
			defaultConfigurationIsVisible = 0;
			defaultConfigurationName = Release;
		};
		FE63F1962AD529A70089F54E /* Build configuration list for PBXNativeTarget "swiftappUITests" */ = {
			isa = XCConfigurationList;
			buildConfigurations = (
				FE63F1972AD529A70089F54E /* Debug */,
				FE63F1982AD529A70089F54E /* Release */,
			);
			defaultConfigurationIsVisible = 0;
			defaultConfigurationName = Release;
		};
/* End XCConfigurationList section */
	};
	rootObject = FE63F1642AD529A40089F54E /* Project object */;
}
